Microsoft Visual Studio Solution File, Format Version 12.00
# Visual Studio Version 17
VisualStudioVersion = 17.5.2.0
MinimumVisualStudioVersion = 10.0.40219.1
Project("{FAE04EC0-301F-11D3-BF4B-00C04F79EFBC}") = "CatalogoMusicas", "CatalogoMusicas.csproj", "{DD537C5B-EEA6-B54E-27BC-523DD806E95A}"
EndProject
Global
	GlobalSection(SolutionConfigurationPlatforms) = preSolution
		Debug|Any CPU = Debug|Any CPU
		Release|Any CPU = Release|Any CPU
	EndGlobalSection
	GlobalSection(ProjectConfigurationPlatforms) = postSolution
		{DD537C5B-EEA6-B54E-27BC-523DD806E95A}.Debug|Any CPU.ActiveCfg = Debug|Any CPU
		{DD537C5B-EEA6-B54E-27BC-523DD806E95A}.Debug|Any CPU.Build.0 = Debug|Any CPU
		{DD537C5B-EEA6-B54E-27BC-523DD806E95A}.Release|Any CPU.ActiveCfg = Release|Any CPU
		{DD537C5B-EEA6-B54E-27BC-523DD806E95A}.Release|Any CPU.Build.0 = Release|Any CPU
	EndGlobalSection
	GlobalSection(SolutionProperties) = preSolution
		HideSolutionNode = FALSE
	EndGlobalSection
	GlobalSection(ExtensibilityGlobals) = postSolution
		SolutionGuid = {8AE3C1A0-CB85-4AD3-936C-98A73C42495A}
	EndGlobalSection
EndGlobal
